
Microsoft Visual Studio Solution File, Format Version 12.00
# Visual Studio Version 17
VisualStudioVersion = 17.4.33122.133
MinimumVisualStudioVersion = 10.0.40219.1
Project("{FAE04EC0-301F-11D3-BF4B-00C04F79EFBC}") = "Aula8Dezembro", "Aula8Dezembro.csproj", "{C46A3391-2013-450A-B82D-325AD07A2564}"
EndProject
Global
	GlobalSection(SolutionConfigurationPlatforms) = preSolution
		Debug|Any CPU = Debug|Any CPU
		Release|Any CPU = Release|Any CPU
	EndGlobalSection
	GlobalSection(ProjectConfigurationPlatforms) = postSolution
		{C46A3391-2013-450A-B82D-325AD07A2564}.Debug|Any CPU.ActiveCfg = Debug|Any CPU
		{C46A3391-2013-450A-B82D-325AD07A2564}.Debug|Any CPU.Build.0 = Debug|Any CPU
		{C46A3391-2013-450A-B82D-325AD07A2564}.Release|Any CPU.ActiveCfg = Release|Any CPU
		{C46A3391-2013-450A-B82D-325AD07A2564}.Release|Any CPU.Build.0 = Release|Any CPU
	EndGlobalSection
	GlobalSection(SolutionProperties) = preSolution
		HideSolutionNode = FALSE
	EndGlobalSection
	GlobalSection(ExtensibilityGlobals) = postSolution
		SolutionGuid = {172E98E9-2733-4FDC-97A9-D605DE1E9A73}
	EndGlobalSection
EndGlobal
